{
  "version": 4,
  "terraform_version": "1.0.4",
  "serial": 116,
  "lineage": "5f79f15c-2f05-1918-da53-468f3be334e1",
  "outputs": {},
  "resources": [
    {
      "module": "module.aws-sandbox-kieniObuzor",
      "mode": "data",
      "type": "aws_iam_policy_document",
      "name": "s3",
      "provider": "provider[\"registry.terraform.io/hashicorp/aws\"]",
      "instances": [
        {
          "schema_version": 0,
          "attributes": {
            "id": "2581922104",
            "json": "{\n  \"Version\": \"2012-10-17\",\n  \"Statement\": [\n    {\n      \"Sid\": \"\",\n      \"Effect\": \"Allow\",\n      \"Action\": [\n        \"s3:PutObjectVersionAcl\",\n        \"s3:PutObjectTagging\",\n        \"s3:PutObject\",\n        \"s3:ListBucket\",\n        \"s3:GetObject\",\n        \"s3:GetBucketLocation\",\n        \"s3:DeleteObject\"\n      ],\n      \"Resource\": [\n        \"arn:aws:s3:::kieniobuzor-sandbox-1383403066/*\",\n        \"arn:aws:s3:::kieniobuzor-sandbox-1383403066\"\n      ],\n      \"Principal\": {\n        \"AWS\": \"arn:aws:iam::430247891289:user/KieniObuzor\"\n      }\n    },\n    {\n      \"Sid\": \"AllowSSLRequestsOnly\",\n      \"Effect\": \"Deny\",\n      \"Action\": \"s3:*\",\n      \"Resource\": [\n        \"arn:aws:s3:::kieniobuzor-sandbox-1383403066/*\",\n        \"arn:aws:s3:::kieniobuzor-sandbox-1383403066\"\n      ],\n      \"Principal\": \"*\",\n      \"Condition\": {\n        \"Bool\": {\n          \"aws:SecureTransport\": \"false\"\n        }\n      }\n    }\n  ]\n}",
            "override_json": null,
            "override_policy_documents": null,
            "policy_id": null,
            "source_json": null,
            "source_policy_documents": null,
            "statement": [
              {
                "actions": [
                  "s3:DeleteObject",
                  "s3:GetBucketLocation",
                  "s3:GetObject",
                  "s3:ListBucket",
                  "s3:PutObject",
                  "s3:PutObjectTagging",
                  "s3:PutObjectVersionAcl"
                ],
                "condition": [],
                "effect": "Allow",
                "not_actions": [],
                "not_principals": [],
                "not_resources": [],
                "principals": [
                  {
                    "identifiers": [
                      "arn:aws:iam::430247891289:user/KieniObuzor"
                    ],
                    "type": "AWS"
                  }
                ],
                "resources": [
                  "arn:aws:s3:::kieniobuzor-sandbox-1383403066",
                  "arn:aws:s3:::kieniobuzor-sandbox-1383403066/*"
                ],
                "sid": ""
              },
              {
                "actions": [
                  "s3:*"
                ],
                "condition": [
                  {
                    "test": "Bool",
                    "values": [
                      "false"
                    ],
                    "variable": "aws:SecureTransport"
                  }
                ],
                "effect": "Deny",
                "not_actions": [],
                "not_principals": [],
                "not_resources": [],
                "principals": [
                  {
                    "identifiers": [
                      "*"
                    ],
                    "type": "*"
                  }
                ],
                "resources": [
                  "arn:aws:s3:::kieniobuzor-sandbox-1383403066",
                  "arn:aws:s3:::kieniobuzor-sandbox-1383403066/*"
                ],
                "sid": "AllowSSLRequestsOnly"
              }
            ],
            "version": "2012-10-17"
          },
          "sensitive_attributes": []
        }
      ]
    },
    {
      "module": "module.aws-sandbox-kieniObuzor",
      "mode": "managed",
      "type": "random_id",
      "name": "id",
      "provider": "provider[\"registry.terraform.io/hashicorp/random\"]",
      "instances": [
        {
          "schema_version": 0,
          "attributes": {
            "b64_std": "E4NAMGY=",
            "b64_url": "E4NAMGY",
            "byte_length": 5,
            "dec": "83806400614",
            "hex": "1383403066",
            "id": "E4NAMGY",
            "keepers": null,
            "prefix": null
          },
          "sensitive_attributes": [],
          "private": "bnVsbA=="
        }
      ]
    },
    {
      "module": "module.aws-sandbox-kieniObuzor.module.ec2",
      "mode": "managed",
      "type": "aws_ebs_volume",
      "name": "this",
      "provider": "provider[\"registry.terraform.io/hashicorp/aws\"]",
      "instances": [
        {
          "schema_version": 0,
          "attributes": {
            "arn": "arn:aws:ec2:us-east-1:430247891289:volume/vol-06f6ca771e4a73270",
            "availability_zone": "us-east-1a",
            "encrypted": false,
            "id": "vol-06f6ca771e4a73270",
            "iops": 300,
            "kms_key_id": "",
            "multi_attach_enabled": false,
            "outpost_arn": "",
            "size": 100,
            "snapshot_id": "",
            "tags": {
              "Name": "kieniobuzor-sandbox"
            },
            "tags_all": {
              "Name": "kieniobuzor-sandbox",
              "iac:created-with": "terraform",
              "iac:purpose": "magnet_interview"
            },
            "throughput": 0,
            "type": "gp2"
          },
          "sensitive_attributes": [],
          "private": "bnVsbA=="
        }
      ]
    },
    {
      "module": "module.aws-sandbox-kieniObuzor.module.ec2",
      "mode": "managed",
      "type": "aws_iam_instance_profile",
      "name": "this",
      "provider": "provider[\"registry.terraform.io/hashicorp/aws\"]",
      "instances": [
        {
          "schema_version": 0,
          "attributes": {
            "arn": "arn:aws:iam::430247891289:instance-profile/kieniobuzor-sandbox-profile",
            "create_date": "2021-11-28T14:38:10Z",
            "id": "kieniobuzor-sandbox-profile",
            "name": "kieniobuzor-sandbox-profile",
            "name_prefix": null,
            "path": "/",
            "role": "kieniobuzor-sandbox-role",
            "tags": {},
            "tags_all": {
              "iac:created-with": "terraform",
              "iac:purpose": "magnet_interview"
            },
            "unique_id": "AIPAWILGF2FM6LWSCU5A3"
          },
          "sensitive_attributes": [],
          "private": "bnVsbA==",
          "dependencies": [
            "module.aws-sandbox-kieniObuzor.module.ec2.aws_iam_role.role"
          ]
        }
      ]
    },
    {
      "module": "module.aws-sandbox-kieniObuzor.module.ec2",
      "mode": "managed",
      "type": "aws_iam_role",
      "name": "role",
      "provider": "provider[\"registry.terraform.io/hashicorp/aws\"]",
      "instances": [
        {
          "schema_version": 0,
          "attributes": {
            "arn": "arn:aws:iam::430247891289:role/kieniobuzor-sandbox-role",
            "assume_role_policy": "{\"Version\":\"2012-10-17\",\"Statement\":[{\"Sid\":\"\",\"Effect\":\"Allow\",\"Principal\":{\"Service\":\"ec2.amazonaws.com\"},\"Action\":\"sts:AssumeRole\"}]}",
            "create_date": "2021-11-28T14:38:09Z",
            "description": "",
            "force_detach_policies": false,
            "id": "kieniobuzor-sandbox-role",
            "inline_policy": [
              {
                "name": "",
                "policy": ""
              }
            ],
            "managed_policy_arns": [],
            "max_session_duration": 3600,
            "name": "kieniobuzor-sandbox-role",
            "name_prefix": "",
            "path": "/",
            "permissions_boundary": null,
            "tags": {},
            "tags_all": {
              "iac:created-with": "terraform",
              "iac:purpose": "magnet_interview"
            },
            "unique_id": "AROAWILGF2FM4MC2T73TD"
          },
          "sensitive_attributes": [],
          "private": "bnVsbA=="
        }
      ]
    },
    {
      "module": "module.aws-sandbox-kieniObuzor.module.ec2",
      "mode": "managed",
      "type": "aws_instance",
      "name": "this",
      "provider": "provider[\"registry.terraform.io/hashicorp/aws\"]",
      "instances": [
        {
          "schema_version": 1,
          "attributes": {
            "ami": "ami-0416f96ae3d1a3f29",
            "arn": "arn:aws:ec2:us-east-1:430247891289:instance/i-0792cf0c32c0e3703",
            "associate_public_ip_address": true,
            "availability_zone": "us-east-1a",
            "capacity_reservation_specification": [
              {
                "capacity_reservation_preference": "open",
                "capacity_reservation_target": []
              }
            ],
            "cpu_core_count": 1,
            "cpu_threads_per_core": 1,
            "credit_specification": [
              {
                "cpu_credits": "standard"
              }
            ],
            "disable_api_termination": false,
            "ebs_block_device": [
              {
                "delete_on_termination": false,
                "device_name": "xvdh",
                "encrypted": false,
                "iops": 300,
                "kms_key_id": "",
                "snapshot_id": "",
                "tags": {
                  "Name": "kieniobuzor-sandbox",
                  "iac:created-with": "terraform",
                  "iac:purpose": "magnet_interview"
                },
                "throughput": 0,
                "volume_id": "vol-06f6ca771e4a73270",
                "volume_size": 100,
                "volume_type": "gp2"
              }
            ],
            "ebs_optimized": false,
            "enclave_options": [
              {
                "enabled": false
              }
            ],
            "ephemeral_block_device": [],
            "get_password_data": false,
            "hibernation": false,
            "host_id": null,
            "iam_instance_profile": "kieniobuzor-sandbox-profile",
            "id": "i-0792cf0c32c0e3703",
            "instance_initiated_shutdown_behavior": "stop",
            "instance_state": "running",
            "instance_type": "t2.micro",
            "ipv6_address_count": 0,
            "ipv6_addresses": [],
            "key_name": "kieniobuzor",
            "launch_template": [],
            "metadata_options": [
              {
                "http_endpoint": "enabled",
                "http_put_response_hop_limit": 1,
                "http_tokens": "optional"
              }
            ],
            "monitoring": false,
            "network_interface": [],
            "outpost_arn": "",
            "password_data": "",
            "placement_group": "",
            "placement_partition_number": null,
            "primary_network_interface_id": "eni-0410a6d70bb935328",
            "private_dns": "ip-10-118-19-32.ec2.internal",
            "private_ip": "10.118.19.32",
            "public_dns": "",
            "public_ip": "18.234.67.134",
            "root_block_device": [
              {
                "delete_on_termination": true,
                "device_name": "/dev/sda1",
                "encrypted": false,
                "iops": 240,
                "kms_key_id": "",
                "tags": {},
                "throughput": 0,
                "volume_id": "vol-0f3e7c782c836d78a",
                "volume_size": 80,
                "volume_type": "gp2"
              }
            ],
            "secondary_private_ips": [],
            "security_groups": [],
            "source_dest_check": true,
            "subnet_id": "subnet-03f07e822241cc2ee",
            "tags": {
              "Name": "kieniobuzor-sandbox-instance"
            },
            "tags_all": {
              "Name": "kieniobuzor-sandbox-instance",
              "iac:created-with": "terraform",
              "iac:purpose": "magnet_interview"
            },
            "tenancy": "default",
            "timeouts": null,
            "user_data": null,
            "user_data_base64": null,
            "volume_tags": null,
            "vpc_security_group_ids": [
              "sg-0b40cd1146f44b6cf"
            ]
          },
          "sensitive_attributes": [],
          "private": "eyJlMmJmYjczMC1lY2FhLTExZTYtOGY4OC0zNDM2M2JjN2M0YzAiOnsiY3JlYXRlIjo2MDAwMDAwMDAwMDAsImRlbGV0ZSI6MTIwMDAwMDAwMDAwMCwidXBkYXRlIjo2MDAwMDAwMDAwMDB9LCJzY2hlbWFfdmVyc2lvbiI6IjEifQ==",
          "dependencies": [
            "module.aws-sandbox-kieniObuzor.module.ec2.aws_iam_instance_profile.this",
            "module.aws-sandbox-kieniObuzor.module.ec2.aws_iam_role.role",
            "module.aws-sandbox-kieniObuzor.module.vpc.aws_security_group.this",
            "module.aws-sandbox-kieniObuzor.module.vpc.aws_subnet.private",
            "module.aws-sandbox-kieniObuzor.module.vpc.aws_vpc.this"
          ]
        }
      ]
    },
    {
      "module": "module.aws-sandbox-kieniObuzor.module.ec2",
      "mode": "managed",
      "type": "aws_network_interface",
      "name": "eni1",
      "provider": "provider[\"registry.terraform.io/hashicorp/aws\"]",
      "instances": [
        {
          "schema_version": 0,
          "attributes": {
            "arn": "arn:aws:ec2:us-east-1:430247891289:network-interface/eni-01d25c875ff4e4b65",
            "attachment": [
              {
                "attachment_id": "eni-attach-0352abb5e140782c3",
                "device_index": 1,
                "instance": "i-0792cf0c32c0e3703"
              }
            ],
            "description": "",
            "id": "eni-01d25c875ff4e4b65",
            "interface_type": "interface",
            "ipv4_prefix_count": 0,
            "ipv4_prefixes": [],
            "ipv6_address_count": 0,
            "ipv6_addresses": [],
            "ipv6_prefix_count": 0,
            "ipv6_prefixes": [],
            "mac_address": "0e:fb:db:89:39:69",
            "outpost_arn": "",
            "owner_id": "430247891289",
            "private_dns_name": "",
            "private_ip": "10.118.19.150",
            "private_ips": [
              "10.118.18.152",
              "10.118.19.150"
            ],
            "private_ips_count": 1,
            "security_groups": [
              "sg-0b40cd1146f44b6cf"
            ],
            "source_dest_check": true,
            "subnet_id": "subnet-03f07e822241cc2ee",
            "tags": {},
            "tags_all": {
              "iac:created-with": "terraform",
              "iac:purpose": "magnet_interview"
            }
          },
          "sensitive_attributes": [],
          "private": "bnVsbA==",
          "dependencies": [
            "module.aws-sandbox-kieniObuzor.module.vpc.aws_subnet.private",
            "module.aws-sandbox-kieniObuzor.module.vpc.aws_vpc.this",
            "module.aws-sandbox-kieniObuzor.module.ec2.aws_iam_instance_profile.this",
            "module.aws-sandbox-kieniObuzor.module.ec2.aws_iam_role.role",
            "module.aws-sandbox-kieniObuzor.module.ec2.aws_instance.this",
            "module.aws-sandbox-kieniObuzor.module.vpc.aws_security_group.this"
          ]
        }
      ]
    },
    {
      "module": "module.aws-sandbox-kieniObuzor.module.ec2",
      "mode": "managed",
      "type": "aws_volume_attachment",
      "name": "this",
      "provider": "provider[\"registry.terraform.io/hashicorp/aws\"]",
      "instances": [
        {
          "schema_version": 0,
          "attributes": {
            "device_name": "xvdh",
            "force_detach": null,
            "id": "vai-1115272529",
            "instance_id": "i-0792cf0c32c0e3703",
            "skip_destroy": null,
            "stop_instance_before_detaching": null,
            "volume_id": "vol-06f6ca771e4a73270"
          },
          "sensitive_attributes": [],
          "private": "bnVsbA==",
          "dependencies": [
            "module.aws-sandbox-kieniObuzor.module.ec2.aws_ebs_volume.this",
            "module.aws-sandbox-kieniObuzor.module.ec2.aws_iam_instance_profile.this",
            "module.aws-sandbox-kieniObuzor.module.ec2.aws_iam_role.role",
            "module.aws-sandbox-kieniObuzor.module.ec2.aws_instance.this",
            "module.aws-sandbox-kieniObuzor.module.vpc.aws_security_group.this",
            "module.aws-sandbox-kieniObuzor.module.vpc.aws_subnet.private",
            "module.aws-sandbox-kieniObuzor.module.vpc.aws_vpc.this"
          ]
        }
      ]
    },
    {
      "module": "module.aws-sandbox-kieniObuzor.module.s3",
      "mode": "data",
      "type": "aws_iam_policy_document",
      "name": "my_s3_bucket",
      "provider": "provider[\"registry.terraform.io/hashicorp/aws\"]",
      "instances": [
        {
          "schema_version": 0,
          "attributes": {
            "id": "2041712816",
            "json": "{\n  \"Version\": \"2012-10-17\",\n  \"Statement\": [\n    {\n      \"Sid\": \"AllowSSLRequestsOnly\",\n      \"Effect\": \"Deny\",\n      \"Action\": \"s3:*\",\n      \"Resource\": [\n        \"arn:aws:s3:::kieniobuzor-sandbox-1383403066/*\",\n        \"arn:aws:s3:::kieniobuzor-sandbox-1383403066\"\n      ],\n      \"Principal\": \"*\",\n      \"Condition\": {\n        \"Bool\": {\n          \"aws:SecureTransport\": [\n            \"false\"\n          ]\n        }\n      }\n    },\n    {\n      \"Sid\": \"\",\n      \"Effect\": \"Allow\",\n      \"Action\": [\n        \"s3:PutObjectVersionAcl\",\n        \"s3:PutObjectTagging\",\n        \"s3:PutObject\",\n        \"s3:ListBucket\",\n        \"s3:GetObject\",\n        \"s3:GetBucketLocation\",\n        \"s3:DeleteObject\"\n      ],\n      \"Resource\": [\n        \"arn:aws:s3:::kieniobuzor-sandbox-1383403066/*\",\n        \"arn:aws:s3:::kieniobuzor-sandbox-1383403066\"\n      ],\n      \"Principal\": {\n        \"AWS\": \"arn:aws:iam::430247891289:user/KieniObuzor\"\n      }\n    }\n  ]\n}",
            "override_json": "{\n  \"Version\": \"2012-10-17\",\n  \"Statement\": [\n    {\n      \"Sid\": \"\",\n      \"Effect\": \"Allow\",\n      \"Action\": [\n        \"s3:PutObjectVersionAcl\",\n        \"s3:PutObjectTagging\",\n        \"s3:PutObject\",\n        \"s3:ListBucket\",\n        \"s3:GetObject\",\n        \"s3:GetBucketLocation\",\n        \"s3:DeleteObject\"\n      ],\n      \"Resource\": [\n        \"arn:aws:s3:::kieniobuzor-sandbox-1383403066/*\",\n        \"arn:aws:s3:::kieniobuzor-sandbox-1383403066\"\n      ],\n      \"Principal\": {\n        \"AWS\": \"arn:aws:iam::430247891289:user/KieniObuzor\"\n      }\n    },\n    {\n      \"Sid\": \"AllowSSLRequestsOnly\",\n      \"Effect\": \"Deny\",\n      \"Action\": \"s3:*\",\n      \"Resource\": [\n        \"arn:aws:s3:::kieniobuzor-sandbox-1383403066/*\",\n        \"arn:aws:s3:::kieniobuzor-sandbox-1383403066\"\n      ],\n      \"Principal\": \"*\",\n      \"Condition\": {\n        \"Bool\": {\n          \"aws:SecureTransport\": \"false\"\n        }\n      }\n    }\n  ]\n}",
            "override_policy_documents": null,
            "policy_id": null,
            "source_json": null,
            "source_policy_documents": null,
            "statement": [
              {
                "actions": [
                  "s3:*"
                ],
                "condition": [
                  {
                    "test": "Bool",
                    "values": [
                      "false"
                    ],
                    "variable": "aws:SecureTransport"
                  }
                ],
                "effect": "Deny",
                "not_actions": [],
                "not_principals": [],
                "not_resources": [],
                "principals": [
                  {
                    "identifiers": [
                      "*"
                    ],
                    "type": "AWS"
                  }
                ],
                "resources": [
                  "arn:aws:s3:::kieniobuzor-sandbox-1383403066",
                  "arn:aws:s3:::kieniobuzor-sandbox-1383403066/*"
                ],
                "sid": "AllowSSLRequestsOnly"
              }
            ],
            "version": "2012-10-17"
          },
          "sensitive_attributes": []
        }
      ]
    },
    {
      "module": "module.aws-sandbox-kieniObuzor.module.s3",
      "mode": "managed",
      "type": "aws_s3_bucket",
      "name": "my_s3_bucket",
      "provider": "provider[\"registry.terraform.io/hashicorp/aws\"]",
      "instances": [
        {
          "schema_version": 0,
          "attributes": {
            "acceleration_status": "",
            "acl": "private",
            "arn": "arn:aws:s3:::kieniobuzor-sandbox-1383403066",
            "bucket": "kieniobuzor-sandbox-1383403066",
            "bucket_domain_name": "kieniobuzor-sandbox-1383403066.s3.amazonaws.com",
            "bucket_prefix": null,
            "bucket_regional_domain_name": "kieniobuzor-sandbox-1383403066.s3.amazonaws.com",
            "cors_rule": [],
            "force_destroy": true,
            "grant": [],
            "hosted_zone_id": "Z3AQBSTGFYJSTF",
            "id": "kieniobuzor-sandbox-1383403066",
            "lifecycle_rule": [],
            "logging": [],
            "object_lock_configuration": [],
            "policy": null,
            "region": "us-east-1",
            "replication_configuration": [],
            "request_payer": "BucketOwner",
            "server_side_encryption_configuration": [
              {
                "rule": [
                  {
                    "apply_server_side_encryption_by_default": [
                      {
                        "kms_master_key_id": "",
                        "sse_algorithm": "AES256"
                      }
                    ],
                    "bucket_key_enabled": false
                  }
                ]
              }
            ],
            "tags": {},
            "tags_all": {
              "iac:created-with": "terraform",
              "iac:purpose": "magnet_interview"
            },
            "versioning": [
              {
                "enabled": false,
                "mfa_delete": false
              }
            ],
            "website": [],
            "website_domain": null,
            "website_endpoint": null
          },
          "sensitive_attributes": [],
          "private": "bnVsbA==",
          "dependencies": [
            "module.aws-sandbox-kieniObuzor.random_id.id"
          ]
        }
      ]
    },
    {
      "module": "module.aws-sandbox-kieniObuzor.module.s3",
      "mode": "managed",
      "type": "aws_s3_bucket_policy",
      "name": "my_s3_bucket",
      "provider": "provider[\"registry.terraform.io/hashicorp/aws\"]",
      "instances": [
        {
          "schema_version": 0,
          "attributes": {
            "bucket": "kieniobuzor-sandbox-1383403066",
            "id": "kieniobuzor-sandbox-1383403066",
            "policy": "{\n  \"Version\": \"2012-10-17\",\n  \"Statement\": [\n    {\n      \"Sid\": \"AllowSSLRequestsOnly\",\n      \"Effect\": \"Deny\",\n      \"Action\": \"s3:*\",\n      \"Resource\": [\n        \"arn:aws:s3:::kieniobuzor-sandbox-1383403066/*\",\n        \"arn:aws:s3:::kieniobuzor-sandbox-1383403066\"\n      ],\n      \"Principal\": \"*\",\n      \"Condition\": {\n        \"Bool\": {\n          \"aws:SecureTransport\": [\n            \"false\"\n          ]\n        }\n      }\n    },\n    {\n      \"Sid\": \"\",\n      \"Effect\": \"Allow\",\n      \"Action\": [\n        \"s3:PutObjectVersionAcl\",\n        \"s3:PutObjectTagging\",\n        \"s3:PutObject\",\n        \"s3:ListBucket\",\n        \"s3:GetObject\",\n        \"s3:GetBucketLocation\",\n        \"s3:DeleteObject\"\n      ],\n      \"Resource\": [\n        \"arn:aws:s3:::kieniobuzor-sandbox-1383403066/*\",\n        \"arn:aws:s3:::kieniobuzor-sandbox-1383403066\"\n      ],\n      \"Principal\": {\n        \"AWS\": \"arn:aws:iam::430247891289:user/KieniObuzor\"\n      }\n    }\n  ]\n}"
          },
          "sensitive_attributes": [],
          "private": "bnVsbA==",
          "dependencies": [
            "module.aws-sandbox-kieniObuzor.module.s3.aws_s3_bucket.my_s3_bucket",
            "module.aws-sandbox-kieniObuzor.module.s3.data.aws_iam_policy_document.my_s3_bucket"
          ]
        }
      ]
    },
    {
      "module": "module.aws-sandbox-kieniObuzor.module.s3",
      "mode": "managed",
      "type": "aws_s3_bucket_public_access_block",
      "name": "my_s3_bucket",
      "provider": "provider[\"registry.terraform.io/hashicorp/aws\"]",
      "instances": [
        {
          "schema_version": 0,
          "attributes": {
            "block_public_acls": true,
            "block_public_policy": true,
            "bucket": "kieniobuzor-sandbox-1383403066",
            "id": "kieniobuzor-sandbox-1383403066",
            "ignore_public_acls": true,
            "restrict_public_buckets": true
          },
          "sensitive_attributes": [],
          "private": "bnVsbA==",
          "dependencies": [
            "module.aws-sandbox-kieniObuzor.module.s3.aws_s3_bucket.my_s3_bucket",
            "module.aws-sandbox-kieniObuzor.random_id.id"
          ]
        }
      ]
    },
    {
      "module": "module.aws-sandbox-kieniObuzor.module.vpc",
      "mode": "managed",
      "type": "aws_eip",
      "name": "nat",
      "provider": "provider[\"registry.terraform.io/hashicorp/aws\"]",
      "instances": [
        {
          "schema_version": 0,
          "attributes": {
            "address": null,
            "allocation_id": "eipalloc-044f8c11bfb766565",
            "associate_with_private_ip": null,
            "association_id": "eipassoc-0821e7e229fa4919f",
            "carrier_ip": "",
            "customer_owned_ip": "",
            "customer_owned_ipv4_pool": "",
            "domain": "vpc",
            "id": "eipalloc-044f8c11bfb766565",
            "instance": "",
            "network_border_group": "us-east-1",
            "network_interface": "eni-08984f4068f9153e8",
            "private_dns": "ip-10-118-20-93.ec2.internal",
            "private_ip": "10.118.20.93",
            "public_dns": "ec2-18-208-233-17.compute-1.amazonaws.com",
            "public_ip": "18.208.233.17",
            "public_ipv4_pool": "amazon",
            "tags": {
              "Name": "kieniobuzor-sandbox-natgwIP"
            },
            "tags_all": {
              "Name": "kieniobuzor-sandbox-natgwIP",
              "iac:created-with": "terraform",
              "iac:purpose": "magnet_interview"
            },
            "timeouts": null,
            "vpc": true
          },
          "sensitive_attributes": [],
          "private": "eyJlMmJmYjczMC1lY2FhLTExZTYtOGY4OC0zNDM2M2JjN2M0YzAiOnsiZGVsZXRlIjoxODAwMDAwMDAwMDAsInJlYWQiOjkwMDAwMDAwMDAwMCwidXBkYXRlIjozMDAwMDAwMDAwMDB9fQ=="
        }
      ]
    },
    {
      "module": "module.aws-sandbox-kieniObuzor.module.vpc",
      "mode": "managed",
      "type": "aws_internet_gateway",
      "name": "this",
      "provider": "provider[\"registry.terraform.io/hashicorp/aws\"]",
      "instances": [
        {
          "schema_version": 0,
          "attributes": {
            "arn": "arn:aws:ec2:us-east-1:430247891289:internet-gateway/igw-00ce501665b3faa4f",
            "id": "igw-00ce501665b3faa4f",
            "owner_id": "430247891289",
            "tags": {
              "Name": "kieniobuzor-sandbox-igw"
            },
            "tags_all": {
              "Name": "kieniobuzor-sandbox-igw",
              "iac:created-with": "terraform",
              "iac:purpose": "magnet_interview"
            },
            "vpc_id": "vpc-092cc0d7bc4fba847"
          },
          "sensitive_attributes": [],
          "private": "bnVsbA==",
          "dependencies": [
            "module.aws-sandbox-kieniObuzor.module.vpc.aws_vpc.this"
          ]
        }
      ]
    },
    {
      "module": "module.aws-sandbox-kieniObuzor.module.vpc",
      "mode": "managed",
      "type": "aws_nat_gateway",
      "name": "this",
      "provider": "provider[\"registry.terraform.io/hashicorp/aws\"]",
      "instances": [
        {
          "schema_version": 0,
          "attributes": {
            "allocation_id": "eipalloc-044f8c11bfb766565",
            "connectivity_type": "public",
            "id": "nat-0e388f73154a728c9",
            "network_interface_id": "eni-08984f4068f9153e8",
            "private_ip": "10.118.20.93",
            "public_ip": "18.208.233.17",
            "subnet_id": "subnet-09ea4a7fa46781d4d",
            "tags": {
              "Name": "kieniobuzor-sandbox-natgw",
              "env": "kieniobuzor"
            },
            "tags_all": {
              "Name": "kieniobuzor-sandbox-natgw",
              "env": "kieniobuzor",
              "iac:created-with": "terraform",
              "iac:purpose": "magnet_interview"
            }
          },
          "sensitive_attributes": [],
          "private": "bnVsbA==",
          "dependencies": [
            "module.aws-sandbox-kieniObuzor.module.vpc.aws_eip.nat",
            "module.aws-sandbox-kieniObuzor.module.vpc.aws_subnet.public",
            "module.aws-sandbox-kieniObuzor.module.vpc.aws_vpc.this"
          ]
        }
      ]
    },
    {
      "module": "module.aws-sandbox-kieniObuzor.module.vpc",
      "mode": "managed",
      "type": "aws_route",
      "name": "private_internet",
      "provider": "provider[\"registry.terraform.io/hashicorp/aws\"]",
      "instances": [
        {
          "schema_version": 0,
          "attributes": {
            "carrier_gateway_id": "",
            "destination_cidr_block": "0.0.0.0/0",
            "destination_ipv6_cidr_block": "",
            "destination_prefix_list_id": "",
            "egress_only_gateway_id": "",
            "gateway_id": "",
            "id": "r-rtb-017ea21aaec7f74e91080289494",
            "instance_id": "",
            "instance_owner_id": "",
            "local_gateway_id": "",
            "nat_gateway_id": "nat-0e388f73154a728c9",
            "network_interface_id": "",
            "origin": "CreateRoute",
            "route_table_id": "rtb-017ea21aaec7f74e9",
            "state": "active",
            "timeouts": null,
            "transit_gateway_id": "",
            "vpc_endpoint_id": "",
            "vpc_peering_connection_id": ""
          },
          "sensitive_attributes": [],
          "private": "eyJlMmJmYjczMC1lY2FhLTExZTYtOGY4OC0zNDM2M2JjN2M0YzAiOnsiY3JlYXRlIjoxMjAwMDAwMDAwMDAsImRlbGV0ZSI6MzAwMDAwMDAwMDAwLCJ1cGRhdGUiOjEyMDAwMDAwMDAwMH19",
          "dependencies": [
            "module.aws-sandbox-kieniObuzor.module.vpc.aws_route_table.private",
            "module.aws-sandbox-kieniObuzor.module.vpc.aws_subnet.public",
            "module.aws-sandbox-kieniObuzor.module.vpc.aws_vpc.this",
            "module.aws-sandbox-kieniObuzor.module.vpc.aws_eip.nat",
            "module.aws-sandbox-kieniObuzor.module.vpc.aws_nat_gateway.this"
          ]
        }
      ]
    },
    {
      "module": "module.aws-sandbox-kieniObuzor.module.vpc",
      "mode": "managed",
      "type": "aws_route",
      "name": "public_internet",
      "provider": "provider[\"registry.terraform.io/hashicorp/aws\"]",
      "instances": [
        {
          "schema_version": 0,
          "attributes": {
            "carrier_gateway_id": "",
            "destination_cidr_block": "0.0.0.0/0",
            "destination_ipv6_cidr_block": "",
            "destination_prefix_list_id": "",
            "egress_only_gateway_id": "",
            "gateway_id": "igw-00ce501665b3faa4f",
            "id": "r-rtb-06f1f566a690b66991080289494",
            "instance_id": "",
            "instance_owner_id": "",
            "local_gateway_id": "",
            "nat_gateway_id": "",
            "network_interface_id": "",
            "origin": "CreateRoute",
            "route_table_id": "rtb-06f1f566a690b6699",
            "state": "active",
            "timeouts": null,
            "transit_gateway_id": "",
            "vpc_endpoint_id": "",
            "vpc_peering_connection_id": ""
          },
          "sensitive_attributes": [],
          "private": "eyJlMmJmYjczMC1lY2FhLTExZTYtOGY4OC0zNDM2M2JjN2M0YzAiOnsiY3JlYXRlIjoxMjAwMDAwMDAwMDAsImRlbGV0ZSI6MzAwMDAwMDAwMDAwLCJ1cGRhdGUiOjEyMDAwMDAwMDAwMH19",
          "dependencies": [
            "module.aws-sandbox-kieniObuzor.module.vpc.aws_internet_gateway.this",
            "module.aws-sandbox-kieniObuzor.module.vpc.aws_route_table.public",
            "module.aws-sandbox-kieniObuzor.module.vpc.aws_vpc.this"
          ]
        }
      ]
    },
    {
      "module": "module.aws-sandbox-kieniObuzor.module.vpc",
      "mode": "managed",
      "type": "aws_route_table",
      "name": "private",
      "provider": "provider[\"registry.terraform.io/hashicorp/aws\"]",
      "instances": [
        {
          "schema_version": 0,
          "attributes": {
            "arn": "arn:aws:ec2:us-east-1:430247891289:route-table/rtb-017ea21aaec7f74e9",
            "id": "rtb-017ea21aaec7f74e9",
            "owner_id": "430247891289",
            "propagating_vgws": [],
            "route": [
              {
                "carrier_gateway_id": "",
                "cidr_block": "0.0.0.0/0",
                "destination_prefix_list_id": "",
                "egress_only_gateway_id": "",
                "gateway_id": "",
                "instance_id": "",
                "ipv6_cidr_block": "",
                "local_gateway_id": "",
                "nat_gateway_id": "nat-0e388f73154a728c9",
                "network_interface_id": "",
                "transit_gateway_id": "",
                "vpc_endpoint_id": "",
                "vpc_peering_connection_id": ""
              }
            ],
            "tags": {
              "Name": "kieniobuzor-sandbox-private-rtb",
              "env": "kieniobuzor",
              "visibility": "private"
            },
            "tags_all": {
              "Name": "kieniobuzor-sandbox-private-rtb",
              "env": "kieniobuzor",
              "iac:created-with": "terraform",
              "iac:purpose": "magnet_interview",
              "visibility": "private"
            },
            "timeouts": null,
            "vpc_id": "vpc-092cc0d7bc4fba847"
          },
          "sensitive_attributes": [],
          "private": "eyJlMmJmYjczMC1lY2FhLTExZTYtOGY4OC0zNDM2M2JjN2M0YzAiOnsiY3JlYXRlIjoxMjAwMDAwMDAwMDAsImRlbGV0ZSI6MzAwMDAwMDAwMDAwLCJ1cGRhdGUiOjEyMDAwMDAwMDAwMH19",
          "dependencies": [
            "module.aws-sandbox-kieniObuzor.module.vpc.aws_vpc.this"
          ]
        }
      ]
    },
    {
      "module": "module.aws-sandbox-kieniObuzor.module.vpc",
      "mode": "managed",
      "type": "aws_route_table",
      "name": "public",
      "provider": "provider[\"registry.terraform.io/hashicorp/aws\"]",
      "instances": [
        {
          "schema_version": 0,
          "attributes": {
            "arn": "arn:aws:ec2:us-east-1:430247891289:route-table/rtb-06f1f566a690b6699",
            "id": "rtb-06f1f566a690b6699",
            "owner_id": "430247891289",
            "propagating_vgws": [],
            "route": [
              {
                "carrier_gateway_id": "",
                "cidr_block": "0.0.0.0/0",
                "destination_prefix_list_id": "",
                "egress_only_gateway_id": "",
                "gateway_id": "igw-00ce501665b3faa4f",
                "instance_id": "",
                "ipv6_cidr_block": "",
                "local_gateway_id": "",
                "nat_gateway_id": "",
                "network_interface_id": "",
                "transit_gateway_id": "",
                "vpc_endpoint_id": "",
                "vpc_peering_connection_id": ""
              }
            ],
            "tags": {
              "Name": "kieniobuzor-sandbox-public-rtb",
              "env": "kieniobuzor",
              "visibility": "public"
            },
            "tags_all": {
              "Name": "kieniobuzor-sandbox-public-rtb",
              "env": "kieniobuzor",
              "iac:created-with": "terraform",
              "iac:purpose": "magnet_interview",
              "visibility": "public"
            },
            "timeouts": null,
            "vpc_id": "vpc-092cc0d7bc4fba847"
          },
          "sensitive_attributes": [],
          "private": "eyJlMmJmYjczMC1lY2FhLTExZTYtOGY4OC0zNDM2M2JjN2M0YzAiOnsiY3JlYXRlIjoxMjAwMDAwMDAwMDAsImRlbGV0ZSI6MzAwMDAwMDAwMDAwLCJ1cGRhdGUiOjEyMDAwMDAwMDAwMH19",
          "dependencies": [
            "module.aws-sandbox-kieniObuzor.module.vpc.aws_vpc.this"
          ]
        }
      ]
    },
    {
      "module": "module.aws-sandbox-kieniObuzor.module.vpc",
      "mode": "managed",
      "type": "aws_route_table_association",
      "name": "private",
      "provider": "provider[\"registry.terraform.io/hashicorp/aws\"]",
      "instances": [
        {
          "schema_version": 0,
          "attributes": {
            "gateway_id": "",
            "id": "rtbassoc-081760e9b3974af42",
            "route_table_id": "rtb-017ea21aaec7f74e9",
            "subnet_id": "subnet-03f07e822241cc2ee"
          },
          "sensitive_attributes": [],
          "private": "bnVsbA==",
          "dependencies": [
            "module.aws-sandbox-kieniObuzor.module.vpc.aws_route_table.private",
            "module.aws-sandbox-kieniObuzor.module.vpc.aws_subnet.private",
            "module.aws-sandbox-kieniObuzor.module.vpc.aws_vpc.this"
          ]
        }
      ]
    },
    {
      "module": "module.aws-sandbox-kieniObuzor.module.vpc",
      "mode": "managed",
      "type": "aws_route_table_association",
      "name": "public",
      "provider": "provider[\"registry.terraform.io/hashicorp/aws\"]",
      "instances": [
        {
          "schema_version": 0,
          "attributes": {
            "gateway_id": "",
            "id": "rtbassoc-0fdc6c3974c422cf6",
            "route_table_id": "rtb-06f1f566a690b6699",
            "subnet_id": "subnet-09ea4a7fa46781d4d"
          },
          "sensitive_attributes": [],
          "private": "bnVsbA==",
          "dependencies": [
            "module.aws-sandbox-kieniObuzor.module.vpc.aws_route_table.public",
            "module.aws-sandbox-kieniObuzor.module.vpc.aws_subnet.public",
            "module.aws-sandbox-kieniObuzor.module.vpc.aws_vpc.this"
          ]
        }
      ]
    },
    {
      "module": "module.aws-sandbox-kieniObuzor.module.vpc",
      "mode": "managed",
      "type": "aws_security_group",
      "name": "this",
      "provider": "provider[\"registry.terraform.io/hashicorp/aws\"]",
      "instances": [
        {
          "schema_version": 1,
          "attributes": {
            "arn": "arn:aws:ec2:us-east-1:430247891289:security-group/sg-0b40cd1146f44b6cf",
            "description": "Allows ssh/rdp traffic from kieniobuzor",
            "egress": [
              {
                "cidr_blocks": [
                  "0.0.0.0/0"
                ],
                "description": "Allows all egress traffic",
                "from_port": 0,
                "ipv6_cidr_blocks": [],
                "prefix_list_ids": [],
                "protocol": "-1",
                "security_groups": [],
                "self": false,
                "to_port": 0
              }
            ],
            "id": "sg-0b40cd1146f44b6cf",
            "ingress": [
              {
                "cidr_blocks": [
                  "142.182.181.7/32"
                ],
                "description": "Allows rdp traffic from kieniobuzor",
                "from_port": 3389,
                "ipv6_cidr_blocks": [],
                "prefix_list_ids": [],
                "protocol": "tcp",
                "security_groups": [],
                "self": false,
                "to_port": 3389
              },
              {
                "cidr_blocks": [
                  "142.182.181.7/32"
                ],
                "description": "Allows ssh traffic from kieniobuzor",
                "from_port": 22,
                "ipv6_cidr_blocks": [],
                "prefix_list_ids": [],
                "protocol": "tcp",
                "security_groups": [],
                "self": false,
                "to_port": 22
              }
            ],
            "name": "kieniobuzor-access-sg",
            "name_prefix": "",
            "owner_id": "430247891289",
            "revoke_rules_on_delete": false,
            "tags": {
              "Name": "kieniobuzor-access-sg"
            },
            "tags_all": {
              "Name": "kieniobuzor-access-sg",
              "iac:created-with": "terraform",
              "iac:purpose": "magnet_interview"
            },
            "timeouts": null,
            "vpc_id": "vpc-092cc0d7bc4fba847"
          },
          "sensitive_attributes": [],
          "private": "eyJlMmJmYjczMC1lY2FhLTExZTYtOGY4OC0zNDM2M2JjN2M0YzAiOnsiY3JlYXRlIjo2MDAwMDAwMDAwMDAsImRlbGV0ZSI6OTAwMDAwMDAwMDAwfSwic2NoZW1hX3ZlcnNpb24iOiIxIn0=",
          "dependencies": [
            "module.aws-sandbox-kieniObuzor.module.vpc.aws_vpc.this"
          ]
        }
      ]
    },
    {
      "module": "module.aws-sandbox-kieniObuzor.module.vpc",
      "mode": "managed",
      "type": "aws_security_group_rule",
      "name": "this_egress",
      "provider": "provider[\"registry.terraform.io/hashicorp/aws\"]",
      "instances": [
        {
          "schema_version": 2,
          "attributes": {
            "cidr_blocks": [
              "0.0.0.0/0"
            ],
            "description": "Allows all egress traffic",
            "from_port": 0,
            "id": "sgrule-3037694973",
            "ipv6_cidr_blocks": [],
            "prefix_list_ids": [],
            "protocol": "-1",
            "security_group_id": "sg-0b40cd1146f44b6cf",
            "self": false,
            "source_security_group_id": null,
            "to_port": 0,
            "type": "egress"
          },
          "sensitive_attributes": [],
          "private": "eyJzY2hlbWFfdmVyc2lvbiI6IjIifQ==",
          "dependencies": [
            "module.aws-sandbox-kieniObuzor.module.vpc.aws_security_group.this",
            "module.aws-sandbox-kieniObuzor.module.vpc.aws_vpc.this"
          ]
        }
      ]
    },
    {
      "module": "module.aws-sandbox-kieniObuzor.module.vpc",
      "mode": "managed",
      "type": "aws_security_group_rule",
      "name": "this_rdp",
      "provider": "provider[\"registry.terraform.io/hashicorp/aws\"]",
      "instances": [
        {
          "schema_version": 2,
          "attributes": {
            "cidr_blocks": [
              "142.182.181.7/32"
            ],
            "description": "Allows rdp traffic from kieniobuzor",
            "from_port": 3389,
            "id": "sgrule-2323286095",
            "ipv6_cidr_blocks": [],
            "prefix_list_ids": [],
            "protocol": "tcp",
            "security_group_id": "sg-0b40cd1146f44b6cf",
            "self": false,
            "source_security_group_id": null,
            "to_port": 3389,
            "type": "ingress"
          },
          "sensitive_attributes": [],
          "private": "eyJzY2hlbWFfdmVyc2lvbiI6IjIifQ==",
          "dependencies": [
            "module.aws-sandbox-kieniObuzor.module.vpc.aws_security_group.this",
            "module.aws-sandbox-kieniObuzor.module.vpc.aws_vpc.this"
          ]
        }
      ]
    },
    {
      "module": "module.aws-sandbox-kieniObuzor.module.vpc",
      "mode": "managed",
      "type": "aws_security_group_rule",
      "name": "this_ssh",
      "provider": "provider[\"registry.terraform.io/hashicorp/aws\"]",
      "instances": [
        {
          "schema_version": 2,
          "attributes": {
            "cidr_blocks": [
              "142.182.181.7/32"
            ],
            "description": "Allows ssh traffic from kieniobuzor",
            "from_port": 22,
            "id": "sgrule-793445398",
            "ipv6_cidr_blocks": [],
            "prefix_list_ids": [],
            "protocol": "tcp",
            "security_group_id": "sg-0b40cd1146f44b6cf",
            "self": false,
            "source_security_group_id": null,
            "to_port": 22,
            "type": "ingress"
          },
          "sensitive_attributes": [],
          "private": "eyJzY2hlbWFfdmVyc2lvbiI6IjIifQ==",
          "dependencies": [
            "module.aws-sandbox-kieniObuzor.module.vpc.aws_security_group.this",
            "module.aws-sandbox-kieniObuzor.module.vpc.aws_vpc.this"
          ]
        }
      ]
    },
    {
      "module": "module.aws-sandbox-kieniObuzor.module.vpc",
      "mode": "managed",
      "type": "aws_subnet",
      "name": "private",
      "provider": "provider[\"registry.terraform.io/hashicorp/aws\"]",
      "instances": [
        {
          "schema_version": 1,
          "attributes": {
            "arn": "arn:aws:ec2:us-east-1:430247891289:subnet/subnet-03f07e822241cc2ee",
            "assign_ipv6_address_on_creation": false,
            "availability_zone": "us-east-1a",
            "availability_zone_id": "use1-az6",
            "cidr_block": "10.118.18.0/23",
            "customer_owned_ipv4_pool": "",
            "id": "subnet-03f07e822241cc2ee",
            "ipv6_cidr_block": "",
            "ipv6_cidr_block_association_id": "",
            "map_customer_owned_ip_on_launch": false,
            "map_public_ip_on_launch": false,
            "outpost_arn": "",
            "owner_id": "430247891289",
            "tags": {
              "Name": "kieniobuzor-sandbox-private-subnet",
              "visibility": "private"
            },
            "tags_all": {
              "Name": "kieniobuzor-sandbox-private-subnet",
              "iac:created-with": "terraform",
              "iac:purpose": "magnet_interview",
              "visibility": "private"
            },
            "timeouts": null,
            "vpc_id": "vpc-092cc0d7bc4fba847"
          },
          "sensitive_attributes": [],
          "private": "eyJlMmJmYjczMC1lY2FhLTExZTYtOGY4OC0zNDM2M2JjN2M0YzAiOnsiY3JlYXRlIjo2MDAwMDAwMDAwMDAsImRlbGV0ZSI6MTIwMDAwMDAwMDAwMH0sInNjaGVtYV92ZXJzaW9uIjoiMSJ9",
          "dependencies": [
            "module.aws-sandbox-kieniObuzor.module.vpc.aws_vpc.this"
          ]
        }
      ]
    },
    {
      "module": "module.aws-sandbox-kieniObuzor.module.vpc",
      "mode": "managed",
      "type": "aws_subnet",
      "name": "public",
      "provider": "provider[\"registry.terraform.io/hashicorp/aws\"]",
      "instances": [
        {
          "schema_version": 1,
          "attributes": {
            "arn": "arn:aws:ec2:us-east-1:430247891289:subnet/subnet-09ea4a7fa46781d4d",
            "assign_ipv6_address_on_creation": false,
            "availability_zone": "us-east-1a",
            "availability_zone_id": "use1-az6",
            "cidr_block": "10.118.20.0/23",
            "customer_owned_ipv4_pool": "",
            "id": "subnet-09ea4a7fa46781d4d",
            "ipv6_cidr_block": "",
            "ipv6_cidr_block_association_id": "",
            "map_customer_owned_ip_on_launch": false,
            "map_public_ip_on_launch": false,
            "outpost_arn": "",
            "owner_id": "430247891289",
            "tags": {
              "Name": "kieniobuzor-sandbox-public-subnet",
              "visibility": "public"
            },
            "tags_all": {
              "Name": "kieniobuzor-sandbox-public-subnet",
              "iac:created-with": "terraform",
              "iac:purpose": "magnet_interview",
              "visibility": "public"
            },
            "timeouts": null,
            "vpc_id": "vpc-092cc0d7bc4fba847"
          },
          "sensitive_attributes": [],
          "private": "eyJlMmJmYjczMC1lY2FhLTExZTYtOGY4OC0zNDM2M2JjN2M0YzAiOnsiY3JlYXRlIjo2MDAwMDAwMDAwMDAsImRlbGV0ZSI6MTIwMDAwMDAwMDAwMH0sInNjaGVtYV92ZXJzaW9uIjoiMSJ9",
          "dependencies": [
            "module.aws-sandbox-kieniObuzor.module.vpc.aws_vpc.this"
          ]
        }
      ]
    },
    {
      "module": "module.aws-sandbox-kieniObuzor.module.vpc",
      "mode": "managed",
      "type": "aws_vpc",
      "name": "this",
      "provider": "provider[\"registry.terraform.io/hashicorp/aws\"]",
      "instances": [
        {
          "schema_version": 1,
          "attributes": {
            "arn": "arn:aws:ec2:us-east-1:430247891289:vpc/vpc-092cc0d7bc4fba847",
            "assign_generated_ipv6_cidr_block": false,
            "cidr_block": "10.118.0.0/16",
            "default_network_acl_id": "acl-01a39424629d2b932",
            "default_route_table_id": "rtb-0228d023d23e3abbb",
            "default_security_group_id": "sg-0f9f1467306a6f359",
            "dhcp_options_id": "dopt-0508212b89e6a85ad",
            "enable_classiclink": false,
            "enable_classiclink_dns_support": false,
            "enable_dns_hostnames": false,
            "enable_dns_support": true,
            "id": "vpc-092cc0d7bc4fba847",
            "instance_tenancy": "default",
            "ipv6_association_id": "",
            "ipv6_cidr_block": "",
            "main_route_table_id": "rtb-0228d023d23e3abbb",
            "owner_id": "430247891289",
            "tags": {
              "Name": "kieniobuzor-sandbox-vpc"
            },
            "tags_all": {
              "Name": "kieniobuzor-sandbox-vpc",
              "iac:created-with": "terraform",
              "iac:purpose": "magnet_interview"
            }
          },
          "sensitive_attributes": [],
          "private": "eyJzY2hlbWFfdmVyc2lvbiI6IjEifQ=="
        }
      ]
    }
  ]
}
